
Microsoft Visual Studio Solution File, Format Version 12.00
# Visual Studio Version 17
VisualStudioVersion = 17.9.34728.123
MinimumVisualStudioVersion = 10.0.40219.1
Project("{C9674DCB-5085-4A16-B785-4C70DD1589BD}") = "Integration Services Project1", "Integration Services Project1\Integration Services Project1.dtproj", "{492B69A0-2274-4CFF-A836-82D9E7A20B39}"
EndProject
Global
	GlobalSection(SolutionConfigurationPlatforms) = preSolution
		Development|Default = Development|Default
	EndGlobalSection
	GlobalSection(ProjectConfigurationPlatforms) = postSolution
		{492B69A0-2274-4CFF-A836-82D9E7A20B39}.Development|Default.ActiveCfg = Development
		{492B69A0-2274-4CFF-A836-82D9E7A20B39}.Development|Default.Build.0 = Development
	EndGlobalSection
	GlobalSection(SolutionProperties) = preSolution
		HideSolutionNode = FALSE
	EndGlobalSection
	GlobalSection(ExtensibilityGlobals) = postSolution
		SolutionGuid = {C8F96AAE-F448-47AB-BB3D-DB094BA331E7}
	EndGlobalSection
EndGlobal
